<?xml version="1.0" encoding="UTF-8"?>
<CONFIG>
  <ProjectOptions>
    <Version Value="12"/>
    <PathDelim Value="\"/>
    <General>
      <Flags><CompatibilityMode Value="True"/></Flags>
      <SessionStorage Value="InProjectDir"/>
      <Title Value="PlayBookingsGui"/>
      <Scaled Value="True"/>
      <ResourceType Value="res"/>
      <UseXPManifest Value="True"/>
      <XPManifest><DpiAware Value="True"/></XPManifest>
    </General>
    <BuildModes Count="1"><Item1 Name="Default" Default="True"/></BuildModes>
    <RequiredPackages Count="1">
      <Item1><PackageName Value="LCL"/></Item1>
      
    </RequiredPackages>
    <Units Count="1">
      <Unit0><Filename Value="playbookingsgui.lpr"/><IsPartOfProject Value="True"/></Unit0>
    </Units>
  </ProjectOptions>
  <CompilerOptions>
    <Version Value="11"/>
    <PathDelim Value="\"/>
    <Target><Filename Value="playbookingsgui"/></Target>
    <SearchPaths><UnitOutputDirectory Value="lib\$(TargetCPU)-$(TargetOS)"/></SearchPaths>
    <Parsing><SyntaxOptions><SyntaxMode Value="ObjFPC"/></SyntaxOptions></Parsing>
    <Linking><Options><Win32><GraphicApplication Value="True"/></Win32></Options></Linking>
  </CompilerOptions>
</CONFIG>
